
Microsoft Visual Studio Solution File, Format Version 12.00
# Visual Studio Version 16
VisualStudioVersion = 16.0.30611.23
MinimumVisualStudioVersion = 10.0.40219.1
Project("{FAE04EC0-301F-11D3-BF4B-00C04F79EFBC}") = "odd and even integer in an array", "odd and even integer in an array\odd and even integer in an array.csproj", "{DB8135A8-8815-45CC-AD6D-AFF05E284637}"
EndProject
Global
	GlobalSection(SolutionConfigurationPlatforms) = preSolution
		Debug|Any CPU = Debug|Any CPU
		Release|Any CPU = Release|Any CPU
	EndGlobalSection
	GlobalSection(ProjectConfigurationPlatforms) = postSolution
		{DB8135A8-8815-45CC-AD6D-AFF05E284637}.Debug|Any CPU.ActiveCfg = Debug|Any CPU
		{DB8135A8-8815-45CC-AD6D-AFF05E284637}.Debug|Any CPU.Build.0 = Debug|Any CPU
		{DB8135A8-8815-45CC-AD6D-AFF05E284637}.Release|Any CPU.ActiveCfg = Release|Any CPU
		{DB8135A8-8815-45CC-AD6D-AFF05E284637}.Release|Any CPU.Build.0 = Release|Any CPU
	EndGlobalSection
	GlobalSection(SolutionProperties) = preSolution
		HideSolutionNode = FALSE
	EndGlobalSection
	GlobalSection(ExtensibilityGlobals) = postSolution
		SolutionGuid = {B4807EEE-E482-40DE-A802-ACC78EC8EB63}
	EndGlobalSection
EndGlobal
