
Microsoft Visual Studio Solution File, Format Version 12.00
# Visual Studio Version 16
VisualStudioVersion = 16.0.30611.23
MinimumVisualStudioVersion = 10.0.40219.1
Project("{FAE04EC0-301F-11D3-BF4B-00C04F79EFBC}") = "given interger is true", "given interger is true\given interger is true.csproj", "{36642FD0-2CB9-4743-B4DA-A82261EB29D2}"
EndProject
Global
	GlobalSection(SolutionConfigurationPlatforms) = preSolution
		Debug|Any CPU = Debug|Any CPU
		Release|Any CPU = Release|Any CPU
	EndGlobalSection
	GlobalSection(ProjectConfigurationPlatforms) = postSolution
		{36642FD0-2CB9-4743-B4DA-A82261EB29D2}.Debug|Any CPU.ActiveCfg = Debug|Any CPU
		{36642FD0-2CB9-4743-B4DA-A82261EB29D2}.Debug|Any CPU.Build.0 = Debug|Any CPU
		{36642FD0-2CB9-4743-B4DA-A82261EB29D2}.Release|Any CPU.ActiveCfg = Release|Any CPU
		{36642FD0-2CB9-4743-B4DA-A82261EB29D2}.Release|Any CPU.Build.0 = Release|Any CPU
	EndGlobalSection
	GlobalSection(SolutionProperties) = preSolution
		HideSolutionNode = FALSE
	EndGlobalSection
	GlobalSection(ExtensibilityGlobals) = postSolution
		SolutionGuid = {0824162A-89FA-4535-8738-CDC406E5B430}
	EndGlobalSection
EndGlobal
